PODS:
  - Alamofire (4.2.0)
  - AsyncSwift (2.0.1)
  - SQLite.swift (0.11.2):
    - SQLite.swift/standard (= 0.11.2)
  - SQLite.swift/standard (0.11.2)

DEPENDENCIES:
  - Alamofire (~> 4.0)
  - AsyncSwift
  - SQLite.swift (~> 0.11.2)

SPEC CHECKSUMS:
  Alamofire: aa2e09d871c9160ac53c90e83c68064a94e3dfbe
  AsyncSwift: 632138e42ead868b53c745fcde9bf733ce1527ad
  SQLite.swift: 670c3e9e0a806bbfd56a3de5d530768dc0e6fe7c

PODFILE CHECKSUM: 863466daabbb53b86f1c4a492b6b927f2221d67d

COCOAPODS: 1.1.1
